[[package]]
category = "main"
description = "Screen-scraping library"
name = "beautifulsoup4"
optional = false
python-versions = "*"
version = "4.8.0"

[package.dependencies]
soupsieve = ">=1.2"

[[package]]
category = "main"
description = "Dummy package for Beautiful Soup"
name = "bs4"
optional = false
python-versions = "*"
version = "0.0.1"

[package.dependencies]
beautifulsoup4 = "*"

[[package]]
category = "main"
description = "A modern CSS selector implementation for Beautiful Soup."
name = "soupsieve"
optional = false
python-versions = "*"
version = "1.9.3"

[metadata]
content-hash = "6c4a3eb94c3ca9685f4f42f55ae678df4cbe41026773efa9df668f7c155337b7"
python-versions = "^3.7"

[metadata.hashes]
beautifulsoup4 = ["05668158c7b85b791c5abde53e50265e16f98ad601c402ba44d70f96c4159612", "25288c9e176f354bf277c0a10aa96c782a6a18a17122dba2e8cec4a97e03343b", "f040590be10520f2ea4c2ae8c3dae441c7cfff5308ec9d58a0ec0c1b8f81d469"]
bs4 = ["36ecea1fd7cc5c0c6e4a1ff075df26d50da647b75376626cc186e2212886dd3a"]
soupsieve = ["8662843366b8d8779dec4e2f921bebec9afd856a5ff2e82cd419acc5054a1a92", "a5a6166b4767725fd52ae55fee8c8b6137d9a51e9f1edea461a062a759160118"]
